
Microsoft Visual Studio Solution File, Format Version 12.00
# Visual Studio 15
VisualStudioVersion = 15.0.26730.12
MinimumVisualStudioVersion = 10.0.40219.1
Project("{FAE04EC0-301F-11D3-BF4B-00C04F79EFBC}") = "FluentlySharepoint", "FluentlySharepoint\FluentlySharepoint.csproj", "{612C29BE-9077-480C-9970-0DA5EDED51B1}"
EndProject
Project("{FAE04EC0-301F-11D3-BF4B-00C04F79EFBC}") = "WebProvisioning", "WebProvisioning\WebProvisioning.csproj", "{63B898CA-71C4-46A5-A7A0-6BBB5A9E411E}"
EndProject
Project("{FAE04EC0-301F-11D3-BF4B-00C04F79EFBC}") = "TestConsole", "TestConsole\TestConsole.csproj", "{5931F7DE-49FB-4A5D-898F-E96D93AD2C4F}"
EndProject
Project("{FAE04EC0-301F-11D3-BF4B-00C04F79EFBC}") = "FluentlySharePoint-Nlog", "FluentlySharePoint-Nlog\FluentlySharePoint-Nlog.csproj", "{889D0606-02A3-4DCE-85BA-3056FB953CE5}"
EndProject
Global
	GlobalSection(SolutionConfigurationPlatforms) = preSolution
		Debug|Any CPU = Debug|Any CPU
		Release|Any CPU = Release|Any CPU
	EndGlobalSection
	GlobalSection(ProjectConfigurationPlatforms) = postSolution
		{612C29BE-9077-480C-9970-0DA5EDED51B1}.Debug|Any CPU.ActiveCfg = Debug|Any CPU
		{612C29BE-9077-480C-9970-0DA5EDED51B1}.Debug|Any CPU.Build.0 = Debug|Any CPU
		{612C29BE-9077-480C-9970-0DA5EDED51B1}.Release|Any CPU.ActiveCfg = Release|Any CPU
		{612C29BE-9077-480C-9970-0DA5EDED51B1}.Release|Any CPU.Build.0 = Release|Any CPU
		{63B898CA-71C4-46A5-A7A0-6BBB5A9E411E}.Debug|Any CPU.ActiveCfg = Debug|Any CPU
		{63B898CA-71C4-46A5-A7A0-6BBB5A9E411E}.Debug|Any CPU.Build.0 = Debug|Any CPU
		{63B898CA-71C4-46A5-A7A0-6BBB5A9E411E}.Release|Any CPU.ActiveCfg = Release|Any CPU
		{63B898CA-71C4-46A5-A7A0-6BBB5A9E411E}.Release|Any CPU.Build.0 = Release|Any CPU
		{5931F7DE-49FB-4A5D-898F-E96D93AD2C4F}.Debug|Any CPU.ActiveCfg = Debug|Any CPU
		{5931F7DE-49FB-4A5D-898F-E96D93AD2C4F}.Debug|Any CPU.Build.0 = Debug|Any CPU
		{5931F7DE-49FB-4A5D-898F-E96D93AD2C4F}.Release|Any CPU.ActiveCfg = Release|Any CPU
		{5931F7DE-49FB-4A5D-898F-E96D93AD2C4F}.Release|Any CPU.Build.0 = Release|Any CPU
		{889D0606-02A3-4DCE-85BA-3056FB953CE5}.Debug|Any CPU.ActiveCfg = Debug|Any CPU
		{889D0606-02A3-4DCE-85BA-3056FB953CE5}.Debug|Any CPU.Build.0 = Debug|Any CPU
		{889D0606-02A3-4DCE-85BA-3056FB953CE5}.Release|Any CPU.ActiveCfg = Release|Any CPU
		{889D0606-02A3-4DCE-85BA-3056FB953CE5}.Release|Any CPU.Build.0 = Release|Any CPU
	EndGlobalSection
	GlobalSection(SolutionProperties) = preSolution
		HideSolutionNode = FALSE
	EndGlobalSection
	GlobalSection(ExtensibilityGlobals) = postSolution
		SolutionGuid = {F0154EF9-BA9F-4D5A-8974-F3C261E4A64B}
	EndGlobalSection
EndGlobal
